// !$*UTF8*$!
{
	archiveVersion = 1;
	classes = {
	};
	objectVersion = 46;
	objects = {

/* Begin PBXBuildFile section */
		CD66C15D1B5353FE00FC28E1 /* AppDelegate.swift in Sources */ = {isa = PBXBuildFile; fileRef = CD66C15C1B5353FE00FC28E1 /* AppDelegate.swift */; };
		CD66C1621B5353FE00FC28E1 /* Main.storyboard in Resources */ = {isa = PBXBuildFile; fileRef = CD66C1601B5353FE00FC28E1 /* Main.storyboard */; };
		CD66C1641B5353FE00FC28E1 /* Images.xcassets in Resources */ = {isa = PBXBuildFile; fileRef = CD66C1631B5353FE00FC28E1 /* Images.xcassets */; };
		CD66C1671B5353FE00FC28E1 /* LaunchScreen.xib in Resources */ = {isa = PBXBuildFile; fileRef = CD66C1651B5353FE00FC28E1 /* LaunchScreen.xib */; };
		CD66C1731B5353FE00FC28E1 /* FCEventManagerTests.swift in Sources */ = {isa = PBXBuildFile; fileRef = CD66C1721B5353FE00FC28E1 /* FCEventManagerTests.swift */; };
		CD66C17F1B5354C900FC28E1 /* EventManager.swift in Sources */ = {isa = PBXBuildFile; fileRef = CD66C17D1B5354C900FC28E1 /* EventManager.swift */; };
		CD66C1801B5354C900FC28E1 /* EventCallback.swift in Sources */ = {isa = PBXBuildFile; fileRef = CD66C17E1B5354C900FC28E1 /* EventCallback.swift */; };
		CD66C1921B5354D600FC28E1 /* EventManagerViewController.swift in Sources */ = {isa = PBXBuildFile; fileRef = CD66C1831B5354D600FC28E1 /* EventManagerViewController.swift */; };
		CD66C1931B5354D600FC28E1 /* MenuTableViewController.swift in Sources */ = {isa = PBXBuildFile; fileRef = CD66C1851B5354D600FC28E1 /* MenuTableViewController.swift */; };
		CD66C1991B5354D600FC28E1 /* CustomEvent.swift in Sources */ = {isa = PBXBuildFile; fileRef = CD66C18C1B5354D600FC28E1 /* CustomEvent.swift */; };
/* End PBXBuildFile section */

/* Begin PBXContainerItemProxy section */
		CD66C16D1B5353FE00FC28E1 /* PBXContainerItemProxy */ = {
			isa = PBXContainerItemProxy;
			containerPortal = CD66C14F1B5353FE00FC28E1 /* Project object */;
			proxyType = 1;
			remoteGlobalIDString = CD66C1561B5353FE00FC28E1;
			remoteInfo = FCEventManager;
		};
/* End PBXContainerItemProxy section */

/* Begin PBXFileReference section */
		CD66C1571B5353FE00FC28E1 /* FCEventManager.app */ = {isa = PBXFileReference; explicitFileType = wrapper.application; includeInIndex = 0; path = FCEventManager.app; sourceTree = BUILT_PRODUCTS_DIR; };
		CD66C15B1B5353FE00FC28E1 /* Info.plist */ = {isa = PBXFileReference; lastKnownFileType = text.plist.xml; path = Info.plist; sourceTree = "<group>"; };
		CD66C15C1B5353FE00FC28E1 /* AppDelegate.swift */ = {isa = PBXFileReference; lastKnownFileType = sourcecode.swift; path = AppDelegate.swift; sourceTree = "<group>"; };
		CD66C1611B5353FE00FC28E1 /* Base */ = {isa = PBXFileReference; lastKnownFileType = file.storyboard; name = Base; path = Base.lproj/Main.storyboard; sourceTree = "<group>"; };
		CD66C1631B5353FE00FC28E1 /* Images.xcassets */ = {isa = PBXFileReference; lastKnownFileType = folder.assetcatalog; path = Images.xcassets; sourceTree = "<group>"; };
		CD66C1661B5353FE00FC28E1 /* Base */ = {isa = PBXFileReference; lastKnownFileType = file.xib; name = Base; path = Base.lproj/LaunchScreen.xib; sourceTree = "<group>"; };
		CD66C16C1B5353FE00FC28E1 /* FCEventManagerTests.xctest */ = {isa = PBXFileReference; explicitFileType = wrapper.cfbundle; includeInIndex = 0; path = FCEventManagerTests.xctest; sourceTree = BUILT_PRODUCTS_DIR; };
		CD66C1711B5353FE00FC28E1 /* Info.plist */ = {isa = PBXFileReference; lastKnownFileType = text.plist.xml; path = Info.plist; sourceTree = "<group>"; };
		CD66C1721B5353FE00FC28E1 /* FCEventManagerTests.swift */ = {isa = PBXFileReference; lastKnownFileType = sourcecode.swift; path = FCEventManagerTests.swift; sourceTree = "<group>"; };
		CD66C17D1B5354C900FC28E1 /* EventManager.swift */ = {isa = PBXFileReference; fileEncoding = 4; lastKnownFileType = sourcecode.swift; path = EventManager.swift; sourceTree = "<group>"; };
		CD66C17E1B5354C900FC28E1 /* EventCallback.swift */ = {isa = PBXFileReference; fileEncoding = 4; lastKnownFileType = sourcecode.swift; path = EventCallback.swift; sourceTree = "<group>"; };
		CD66C1831B5354D600FC28E1 /* EventManagerViewController.swift */ = {isa = PBXFileReference; fileEncoding = 4; lastKnownFileType = sourcecode.swift; path = EventManagerViewController.swift; sourceTree = "<group>"; };
		CD66C1851B5354D600FC28E1 /* MenuTableViewController.swift */ = {isa = PBXFileReference; fileEncoding = 4; lastKnownFileType = sourcecode.swift; path = MenuTableViewController.swift; sourceTree = "<group>"; };
		CD66C18C1B5354D600FC28E1 /* CustomEvent.swift */ = {isa = PBXFileReference; fileEncoding = 4; lastKnownFileType = sourcecode.swift; path = CustomEvent.swift; sourceTree = "<group>"; };
/* End PBXFileReference section */

/* Begin PBXFrameworksBuildPhase section */
		CD66C1541B5353FE00FC28E1 /* Frameworks */ = {
			isa = PBXFrameworksBuildPhase;
			buildActionMask = 2147483647;
			files = (
			);
			runOnlyForDeploymentPostprocessing = 0;
		};
		CD66C1691B5353FE00FC28E1 /* Frameworks */ = {
			isa = PBXFrameworksBuildPhase;
			buildActionMask = 2147483647;
			files = (
			);
			runOnlyForDeploymentPostprocessing = 0;
		};
/* End PBXFrameworksBuildPhase section */

/* Begin PBXGroup section */
		CD66C14E1B5353FE00FC28E1 = {
			isa = PBXGroup;
			children = (
				CD66C1591B5353FE00FC28E1 /* FCEventManager */,
				CD66C16F1B5353FE00FC28E1 /* FCEventManagerTests */,
				CD66C1581B5353FE00FC28E1 /* Products */,
			);
			sourceTree = "<group>";
		};
		CD66C1581B5353FE00FC28E1 /* Products */ = {
			isa = PBXGroup;
			children = (
				CD66C1571B5353FE00FC28E1 /* FCEventManager.app */,
				CD66C16C1B5353FE00FC28E1 /* FCEventManagerTests.xctest */,
			);
			name = Products;
			sourceTree = "<group>";
		};
		CD66C1591B5353FE00FC28E1 /* FCEventManager */ = {
			isa = PBXGroup;
			children = (
				CD66C1811B5354D600FC28E1 /* examples */,
				CD66C17C1B5354C900FC28E1 /* src */,
				CD66C15C1B5353FE00FC28E1 /* AppDelegate.swift */,
				CD66C1601B5353FE00FC28E1 /* Main.storyboard */,
				CD66C1631B5353FE00FC28E1 /* Images.xcassets */,
				CD66C1651B5353FE00FC28E1 /* LaunchScreen.xib */,
				CD66C15A1B5353FE00FC28E1 /* Supporting Files */,
			);
			path = FCEventManager;
			sourceTree = "<group>";
		};
		CD66C15A1B5353FE00FC28E1 /* Supporting Files */ = {
			isa = PBXGroup;
			children = (
				CD66C15B1B5353FE00FC28E1 /* Info.plist */,
			);
			name = "Supporting Files";
			sourceTree = "<group>";
		};
		CD66C16F1B5353FE00FC28E1 /* FCEventManagerTests */ = {
			isa = PBXGroup;
			children = (
				CD66C1721B5353FE00FC28E1 /* FCEventManagerTests.swift */,
				CD66C1701B5353FE00FC28E1 /* Supporting Files */,
			);
			path = FCEventManagerTests;
			sourceTree = "<group>";
		};
		CD66C1701B5353FE00FC28E1 /* Supporting Files */ = {
			isa = PBXGroup;
			children = (
				CD66C1711B5353FE00FC28E1 /* Info.plist */,
			);
			name = "Supporting Files";
			sourceTree = "<group>";
		};
		CD66C17C1B5354C900FC28E1 /* src */ = {
			isa = PBXGroup;
			children = (
				CD66C17D1B5354C900FC28E1 /* EventManager.swift */,
				CD66C17E1B5354C900FC28E1 /* EventCallback.swift */,
			);
			path = src;
			sourceTree = "<group>";
		};
		CD66C1811B5354D600FC28E1 /* examples */ = {
			isa = PBXGroup;
			children = (
				CD66C1831B5354D600FC28E1 /* EventManagerViewController.swift */,
				CD66C1851B5354D600FC28E1 /* MenuTableViewController.swift */,
				CD66C18C1B5354D600FC28E1 /* CustomEvent.swift */,
			);
			path = examples;
			sourceTree = "<group>";
		};
/* End PBXGroup section */

/* Begin PBXNativeTarget section */
		CD66C1561B5353FE00FC28E1 /* FCEventManager */ = {
			isa = PBXNativeTarget;
			buildConfigurationList = CD66C1761B5353FE00FC28E1 /* Build configuration list for PBXNativeTarget "FCEventManager" */;
			buildPhases = (
				CD66C1531B5353FE00FC28E1 /* Sources */,
				CD66C1541B5353FE00FC28E1 /* Frameworks */,
				CD66C1551B5353FE00FC28E1 /* Resources */,
			);
			buildRules = (
			);
			dependencies = (
			);
			name = FCEventManager;
			productName = FCEventManager;
			productReference = CD66C1571B5353FE00FC28E1 /* FCEventManager.app */;
			productType = "com.apple.product-type.application";
		};
		CD66C16B1B5353FE00FC28E1 /* FCEventManagerTests */ = {
			isa = PBXNativeTarget;
			buildConfigurationList = CD66C1791B5353FE00FC28E1 /* Build configuration list for PBXNativeTarget "FCEventManagerTests" */;
			buildPhases = (
				CD66C1681B5353FE00FC28E1 /* Sources */,
				CD66C1691B5353FE00FC28E1 /* Frameworks */,
				CD66C16A1B5353FE00FC28E1 /* Resources */,
			);
			buildRules = (
			);
			dependencies = (
				CD66C16E1B5353FE00FC28E1 /* PBXTargetDependency */,
			);
			name = FCEventManagerTests;
			productName = FCEventManagerTests;
			productReference = CD66C16C1B5353FE00FC28E1 /* FCEventManagerTests.xctest */;
			productType = "com.apple.product-type.bundle.unit-test";
		};
/* End PBXNativeTarget section */

/* Begin PBXProject section */
		CD66C14F1B5353FE00FC28E1 /* Project object */ = {
			isa = PBXProject;
			attributes = {
				LastSwiftUpdateCheck = 0700;
				LastUpgradeCheck = 0700;
				ORGANIZATIONNAME = "Fabian Celdeiro";
				TargetAttributes = {
					CD66C1561B5353FE00FC28E1 = {
						CreatedOnToolsVersion = 6.4;
					};
					CD66C16B1B5353FE00FC28E1 = {
						CreatedOnToolsVersion = 6.4;
						TestTargetID = CD66C1561B5353FE00FC28E1;
					};
				};
			};
			buildConfigurationList = CD66C1521B5353FE00FC28E1 /* Build configuration list for PBXProject "FCEventManager" */;
			compatibilityVersion = "Xcode 3.2";
			developmentRegion = English;
			hasScannedForEncodings = 0;
			knownRegions = (
				en,
				Base,
			);
			mainGroup = CD66C14E1B5353FE00FC28E1;
			productRefGroup = CD66C1581B5353FE00FC28E1 /* Products */;
			projectDirPath = "";
			projectRoot = "";
			targets = (
				CD66C1561B5353FE00FC28E1 /* FCEventManager */,
				CD66C16B1B5353FE00FC28E1 /* FCEventManagerTests */,
			);
		};
/* End PBXProject section */

/* Begin PBXResourcesBuildPhase section */
		CD66C1551B5353FE00FC28E1 /* Resources */ = {
			isa = PBXResourcesBuildPhase;
			buildActionMask = 2147483647;
			files = (
				CD66C1621B5353FE00FC28E1 /* Main.storyboard in Resources */,
				CD66C1671B5353FE00FC28E1 /* LaunchScreen.xib in Resources */,
				CD66C1641B5353FE00FC28E1 /* Images.xcassets in Resources */,
			);
			runOnlyForDeploymentPostprocessing = 0;
		};
		CD66C16A1B5353FE00FC28E1 /* Resources */ = {
			isa = PBXResourcesBuildPhase;
			buildActionMask = 2147483647;
			files = (
			);
			runOnlyForDeploymentPostprocessing = 0;
		};
/* End PBXResourcesBuildPhase section */

/* Begin PBXSourcesBuildPhase section */
		CD66C1531B5353FE00FC28E1 /* Sources */ = {
			isa = PBXSourcesBuildPhase;
			buildActionMask = 2147483647;
			files = (
				CD66C17F1B5354C900FC28E1 /* EventManager.swift in Sources */,
				CD66C1931B5354D600FC28E1 /* MenuTableViewController.swift in Sources */,
				CD66C1991B5354D600FC28E1 /* CustomEvent.swift in Sources */,
				CD66C1921B5354D600FC28E1 /* EventManagerViewController.swift in Sources */,
				CD66C15D1B5353FE00FC28E1 /* AppDelegate.swift in Sources */,
				CD66C1801B5354C900FC28E1 /* EventCallback.swift in Sources */,
			);
			runOnlyForDeploymentPostprocessing = 0;
		};
		CD66C1681B5353FE00FC28E1 /* Sources */ = {
			isa = PBXSourcesBuildPhase;
			buildActionMask = 2147483647;
			files = (
				CD66C1731B5353FE00FC28E1 /* FCEventManagerTests.swift in Sources */,
			);
			runOnlyForDeploymentPostprocessing = 0;
		};
/* End PBXSourcesBuildPhase section */

/* Begin PBXTargetDependency section */
		CD66C16E1B5353FE00FC28E1 /* PBXTargetDependency */ = {
			isa = PBXTargetDependency;
			target = CD66C1561B5353FE00FC28E1 /* FCEventManager */;
			targetProxy = CD66C16D1B5353FE00FC28E1 /* PBXContainerItemProxy */;
		};
/* End PBXTargetDependency section */

/* Begin PBXVariantGroup section */
		CD66C1601B5353FE00FC28E1 /* Main.storyboard */ = {
			isa = PBXVariantGroup;
			children = (
				CD66C1611B5353FE00FC28E1 /* Base */,
			);
			name = Main.storyboard;
			sourceTree = "<group>";
		};
		CD66C1651B5353FE00FC28E1 /* LaunchScreen.xib */ = {
			isa = PBXVariantGroup;
			children = (
				CD66C1661B5353FE00FC28E1 /* Base */,
			);
			name = LaunchScreen.xib;
			sourceTree = "<group>";
		};
/* End PBXVariantGroup section */

/* Begin XCBuildConfiguration section */
		CD66C1741B5353FE00FC28E1 /* Debug */ = {
			isa = XCBuildConfiguration;
			buildSettings = {
				ALWAYS_SEARCH_USER_PATHS = NO;
				CLANG_CXX_LANGUAGE_STANDARD = "gnu++0x";
				CLANG_CXX_LIBRARY = "libc++";
				CLANG_ENABLE_MODULES = YES;
				CLANG_ENABLE_OBJC_ARC = YES;
				CLANG_WARN_BOOL_CONVERSION = YES;
				CLANG_WARN_CONSTANT_CONVERSION = YES;
				CLANG_WARN_DIRECT_OBJC_ISA_USAGE = YES_ERROR;
				CLANG_WARN_EMPTY_BODY = YES;
				CLANG_WARN_ENUM_CONVERSION = YES;
				CLANG_WARN_INT_CONVERSION = YES;
				CLANG_WARN_OBJC_ROOT_CLASS = YES_ERROR;
				CLANG_WARN_UNREACHABLE_CODE = YES;
				CLANG_WARN__DUPLICATE_METHOD_MATCH = YES;
				"CODE_SIGN_IDENTITY[sdk=iphoneos*]" = "iPhone Developer";
				COPY_PHASE_STRIP = NO;
				DEBUG_INFORMATION_FORMAT = "dwarf-with-dsym";
				ENABLE_STRICT_OBJC_MSGSEND = YES;
				ENABLE_TESTABILITY = YES;
				GCC_C_LANGUAGE_STANDARD = gnu99;
				GCC_DYNAMIC_NO_PIC = NO;
				GCC_NO_COMMON_BLOCKS = YES;
				GCC_OPTIMIZATION_LEVEL = 0;
				GCC_PREPROCESSOR_DEFINITIONS = (
					"DEBUG=1",
					"$(inherited)",
				);
				GCC_SYMBOLS_PRIVATE_EXTERN = NO;
				GCC_WARN_64_TO_32_BIT_CONVERSION = YES;
				GCC_WARN_ABOUT_RETURN_TYPE = YES_ERROR;
				GCC_WARN_UNDECLARED_SELECTOR = YES;
				GCC_WARN_UNINITIALIZED_AUTOS = YES_AGGRESSIVE;
				GCC_WARN_UNUSED_FUNCTION = YES;
				GCC_WARN_UNUSED_VARIABLE = YES;
				IPHONEOS_DEPLOYMENT_TARGET = 8.4;
				MTL_ENABLE_DEBUG_INFO = YES;
				ONLY_ACTIVE_ARCH = YES;
				SDKROOT = iphoneos;
				SWIFT_OPTIMIZATION_LEVEL = "-Onone";
			};
			name = Debug;
		};
		CD66C1751B5353FE00FC28E1 /* Release */ = {
			isa = XCBuildConfiguration;
			buildSettings = {
				ALWAYS_SEARCH_USER_PATHS = NO;
				CLANG_CXX_LANGUAGE_STANDARD = "gnu++0x";
				CLANG_CXX_LIBRARY = "libc++";
				CLANG_ENABLE_MODULES = YES;
				CLANG_ENABLE_OBJC_ARC = YES;
				CLANG_WARN_BOOL_CONVERSION = YES;
				CLANG_WARN_CONSTANT_CONVERSION = YES;
				CLANG_WARN_DIRECT_OBJC_ISA_USAGE = YES_ERROR;
				CLANG_WARN_EMPTY_BODY = YES;
				CLANG_WARN_ENUM_CONVERSION = YES;
				CLANG_WARN_INT_CONVERSION = YES;
				CLANG_WARN_OBJC_ROOT_CLASS = YES_ERROR;
				CLANG_WARN_UNREACHABLE_CODE = YES;
				CLANG_WARN__DUPLICATE_METHOD_MATCH = YES;
				"CODE_SIGN_IDENTITY[sdk=iphoneos*]" = "iPhone Developer";
				COPY_PHASE_STRIP = NO;
				DEBUG_INFORMATION_FORMAT = "dwarf-with-dsym";
				ENABLE_NS_ASSERTIONS = NO;
				ENABLE_STRICT_OBJC_MSGSEND = YES;
				GCC_C_LANGUAGE_STANDARD = gnu99;
				GCC_NO_COMMON_BLOCKS = YES;
				GCC_WARN_64_TO_32_BIT_CONVERSION = YES;
				GCC_WARN_ABOUT_RETURN_TYPE = YES_ERROR;
				GCC_WARN_UNDECLARED_SELECTOR = YES;
				GCC_WARN_UNINITIALIZED_AUTOS = YES_AGGRESSIVE;
				GCC_WARN_UNUSED_FUNCTION = YES;
				GCC_WARN_UNUSED_VARIABLE = YES;
				IPHONEOS_DEPLOYMENT_TARGET = 8.4;
				MTL_ENABLE_DEBUG_INFO = NO;
				SDKROOT = iphoneos;
				VALIDATE_PRODUCT = YES;
			};
			name = Release;
		};
		CD66C1771B5353FE00FC28E1 /* Debug */ = {
			isa = XCBuildConfiguration;
			buildSettings = {
				ASSETCATALOG_COMPILER_APPICON_NAME = AppIcon;
				INFOPLIST_FILE = FCEventManager/Info.plist;
				LD_RUNPATH_SEARCH_PATHS = "$(inherited) @executable_path/Frameworks";
				PRODUCT_BUNDLE_IDENTIFIER = "com.fabianceldeiro.$(PRODUCT_NAME:rfc1034identifier)";
				PRODUCT_NAME = "$(TARGET_NAME)";
			};
			name = Debug;
		};
		CD66C1781B5353FE00FC28E1 /* Release */ = {
			isa = XCBuildConfiguration;
			buildSettings = {
				ASSETCATALOG_COMPILER_APPICON_NAME = AppIcon;
				INFOPLIST_FILE = FCEventManager/Info.plist;
				LD_RUNPATH_SEARCH_PATHS = "$(inherited) @executable_path/Frameworks";
				PRODUCT_BUNDLE_IDENTIFIER = "com.fabianceldeiro.$(PRODUCT_NAME:rfc1034identifier)";
				PRODUCT_NAME = "$(TARGET_NAME)";
			};
			name = Release;
		};
		CD66C17A1B5353FE00FC28E1 /* Debug */ = {
			isa = XCBuildConfiguration;
			buildSettings = {
				BUNDLE_LOADER = "$(TEST_HOST)";
				FRAMEWORK_SEARCH_PATHS = (
					"$(SDKROOT)/Developer/Library/Frameworks",
					"$(inherited)",
				);
				GCC_PREPROCESSOR_DEFINITIONS = (
					"DEBUG=1",
					"$(inherited)",
				);
				INFOPLIST_FILE = FCEventManagerTests/Info.plist;
				LD_RUNPATH_SEARCH_PATHS = "$(inherited) @executable_path/Frameworks @loader_path/Frameworks";
				PRODUCT_BUNDLE_IDENTIFIER = "com.fabianceldeiro.$(PRODUCT_NAME:rfc1034identifier)";
				PRODUCT_NAME = "$(TARGET_NAME)";
				TEST_HOST = "$(BUILT_PRODUCTS_DIR)/FCEventManager.app/FCEventManager";
			};
			name = Debug;
		};
		CD66C17B1B5353FE00FC28E1 /* Release */ = {
			isa = XCBuildConfiguration;
			buildSettings = {
				BUNDLE_LOADER = "$(TEST_HOST)";
				FRAMEWORK_SEARCH_PATHS = (
					"$(SDKROOT)/Developer/Library/Frameworks",
					"$(inherited)",
				);
				INFOPLIST_FILE = FCEventManagerTests/Info.plist;
				LD_RUNPATH_SEARCH_PATHS = "$(inherited) @executable_path/Frameworks @loader_path/Frameworks";
				PRODUCT_BUNDLE_IDENTIFIER = "com.fabianceldeiro.$(PRODUCT_NAME:rfc1034identifier)";
				PRODUCT_NAME = "$(TARGET_NAME)";
				TEST_HOST = "$(BUILT_PRODUCTS_DIR)/FCEventManager.app/FCEventManager";
			};
			name = Release;
		};
/* End XCBuildConfiguration section */

/* Begin XCConfigurationList section */
		CD66C1521B5353FE00FC28E1 /* Build configuration list for PBXProject "FCEventManager" */ = {
			isa = XCConfigurationList;
			buildConfigurations = (
				CD66C1741B5353FE00FC28E1 /* Debug */,
				CD66C1751B5353FE00FC28E1 /* Release */,
			);
			defaultConfigurationIsVisible = 0;
			defaultConfigurationName = Release;
		};
		CD66C1761B5353FE00FC28E1 /* Build configuration list for PBXNativeTarget "FCEventManager" */ = {
			isa = XCConfigurationList;
			buildConfigurations = (
				CD66C1771B5353FE00FC28E1 /* Debug */,
				CD66C1781B5353FE00FC28E1 /* Release */,
			);
			defaultConfigurationIsVisible = 0;
			defaultConfigurationName = Release;
		};
		CD66C1791B5353FE00FC28E1 /* Build configuration list for PBXNativeTarget "FCEventManagerTests" */ = {
			isa = XCConfigurationList;
			buildConfigurations = (
				CD66C17A1B5353FE00FC28E1 /* Debug */,
				CD66C17B1B5353FE00FC28E1 /* Release */,
			);
			defaultConfigurationIsVisible = 0;
			defaultConfigurationName = Release;
		};
/* End XCConfigurationList section */
	};
	rootObject = CD66C14F1B5353FE00FC28E1 /* Project object */;
}
